
Microsoft Visual Studio Solution File, Format Version 12.00
# Visual Studio Version 16
VisualStudioVersion = 16.0.28922.388
MinimumVisualStudioVersion = 10.0.40219.1
Project("{9A19103F-16F7-4668-BE54-9A1E7A4F7556}") = "UmrechnungTaschenrechner", "UmrechnungsTaschenrechner\UmrechnungTaschenrechner.csproj", "{AE98EFA4-CAC4-4A3B-89D2-183A97836D55}"
EndProject
Global
	GlobalSection(SolutionConfigurationPlatforms) = preSolution
		Debug|Any CPU = Debug|Any CPU
		Release|Any CPU = Release|Any CPU
	EndGlobalSection
	GlobalSection(ProjectConfigurationPlatforms) = postSolution
		{AE98EFA4-CAC4-4A3B-89D2-183A97836D55}.Debug|Any CPU.ActiveCfg = Debug|Any CPU
		{AE98EFA4-CAC4-4A3B-89D2-183A97836D55}.Debug|Any CPU.Build.0 = Debug|Any CPU
		{AE98EFA4-CAC4-4A3B-89D2-183A97836D55}.Release|Any CPU.ActiveCfg = Release|Any CPU
		{AE98EFA4-CAC4-4A3B-89D2-183A97836D55}.Release|Any CPU.Build.0 = Release|Any CPU
	EndGlobalSection
	GlobalSection(SolutionProperties) = preSolution
		HideSolutionNode = FALSE
	EndGlobalSection
	GlobalSection(ExtensibilityGlobals) = postSolution
		SolutionGuid = {251F18FE-77D0-4B8E-80BF-54B44E781C6F}
	EndGlobalSection
EndGlobal
